{
  "version": 4,
  "terraform_version": "0.15.3",
  "serial": 189,
  "lineage": "719a8653-dd30-0f3e-ab3d-7fbfb8e653bd",
  "outputs": {
    "public_ip_address_mysql": {
      "value": "137.117.40.46",
      "type": "string"
    }
  },
  "resources": [
    {
      "mode": "data",
      "type": "azurerm_public_ip",
      "name": "ip_data_db",
      "provider": "provider[\"registry.terraform.io/hashicorp/azurerm\"]",
      "instances": [
        {
          "schema_version": 0,
          "attributes": {
            "allocation_method": "Static",
            "domain_name_label": "",
            "fqdn": "",
            "id": "/subscriptions/a46d3942-b57e-446d-8dfa-5a74d4b87fe3/resourceGroups/tarefaresources/providers/Microsoft.Network/publicIPAddresses/tarefapublicip",
            "idle_timeout_in_minutes": 4,
            "ip_address": "137.117.40.46",
            "ip_tags": {},
            "ip_version": "IPv4",
            "location": "eastus",
            "name": "tarefapublicip",
            "resource_group_name": "tarefaresources",
            "reverse_fqdn": "",
            "sku": "Basic",
            "tags": {},
            "timeouts": null,
            "zones": []
          },
          "sensitive_attributes": []
        }
      ]
    },
    {
      "mode": "managed",
      "type": "azurerm_linux_virtual_machine",
      "name": "vm_tarefa",
      "provider": "provider[\"registry.terraform.io/hashicorp/azurerm\"]",
      "instances": [
        {
          "schema_version": 0,
          "attributes": {
            "additional_capabilities": [],
            "admin_password": "thi11b65@mtg23",
            "admin_ssh_key": [],
            "admin_username": "azureuser",
            "allow_extension_operations": true,
            "availability_set_id": "",
            "boot_diagnostics": [
              {
                "storage_account_uri": "https://samsql.blob.core.windows.net/"
              }
            ],
            "computer_name": "mytarefa",
            "custom_data": null,
            "dedicated_host_id": "",
            "disable_password_authentication": false,
            "encryption_at_host_enabled": false,
            "eviction_policy": "",
            "extensions_time_budget": "PT1H30M",
            "id": "/subscriptions/a46d3942-b57e-446d-8dfa-5a74d4b87fe3/resourceGroups/tarefaresources/providers/Microsoft.Compute/virtualMachines/tarefavm",
            "identity": [],
            "license_type": "",
            "location": "eastus",
            "max_bid_price": -1,
            "name": "tarefavm",
            "network_interface_ids": [
              "/subscriptions/a46d3942-b57e-446d-8dfa-5a74d4b87fe3/resourceGroups/tarefaresources/providers/Microsoft.Network/networkInterfaces/tarefanetwork"
            ],
            "os_disk": [
              {
                "caching": "ReadWrite",
                "diff_disk_settings": [],
                "disk_encryption_set_id": "",
                "disk_size_gb": 30,
                "name": "tarefavm_disk1_f1844fe0c85a4adc8b8eaab2528f9c07",
                "storage_account_type": "Standard_LRS",
                "write_accelerator_enabled": false
              }
            ],
            "plan": [],
            "platform_fault_domain": -1,
            "priority": "Regular",
            "private_ip_address": "10.0.2.4",
            "private_ip_addresses": [
              "10.0.2.4"
            ],
            "provision_vm_agent": true,
            "proximity_placement_group_id": "",
            "public_ip_address": "137.117.40.46",
            "public_ip_addresses": [
              "137.117.40.46"
            ],
            "resource_group_name": "tarefaresources",
            "secret": [],
            "size": "Standard_DS1_v2",
            "source_image_id": "",
            "source_image_reference": [
              {
                "offer": "UbuntuServer",
                "publisher": "Canonical",
                "sku": "16.04-LTS",
                "version": "latest"
              }
            ],
            "tags": null,
            "timeouts": null,
            "virtual_machine_id": "b97192ea-03ae-4512-9cc4-71d5a5759f1f",
            "virtual_machine_scale_set_id": "",
            "zone": ""
          },
          "sensitive_attributes": [],
          "private": "eyJlMmJmYjczMC1lY2FhLTExZTYtOGY4OC0zNDM2M2JjN2M0YzAiOnsiY3JlYXRlIjoyNzAwMDAwMDAwMDAwLCJkZWxldGUiOjI3MDAwMDAwMDAwMDAsInJlYWQiOjMwMDAwMDAwMDAwMCwidXBkYXRlIjoyNzAwMDAwMDAwMDAwfX0=",
          "dependencies": [
            "azurerm_network_interface.ni_tarefa",
            "azurerm_public_ip.ip_tarefa",
            "azurerm_resource_group.rg_tarefa",
            "azurerm_storage_account.samsql",
            "azurerm_subnet.sbunet_tarefa",
            "azurerm_virtual_network.vnet_tarefa"
          ]
        }
      ]
    },
    {
      "mode": "managed",
      "type": "azurerm_network_interface",
      "name": "ni_tarefa",
      "provider": "provider[\"registry.terraform.io/hashicorp/azurerm\"]",
      "instances": [
        {
          "schema_version": 0,
          "attributes": {
            "applied_dns_servers": [],
            "dns_servers": [],
            "enable_accelerated_networking": false,
            "enable_ip_forwarding": false,
            "id": "/subscriptions/a46d3942-b57e-446d-8dfa-5a74d4b87fe3/resourceGroups/tarefaresources/providers/Microsoft.Network/networkInterfaces/tarefanetwork",
            "internal_dns_name_label": "",
            "internal_domain_name_suffix": "kzruktlnqpvupiham1tzbw0jeb.bx.internal.cloudapp.net",
            "ip_configuration": [
              {
                "name": "internal",
                "primary": true,
                "private_ip_address": "10.0.2.4",
                "private_ip_address_allocation": "Dynamic",
                "private_ip_address_version": "IPv4",
                "public_ip_address_id": "/subscriptions/a46d3942-b57e-446d-8dfa-5a74d4b87fe3/resourceGroups/tarefaresources/providers/Microsoft.Network/publicIPAddresses/tarefapublicip",
                "subnet_id": "/subscriptions/a46d3942-b57e-446d-8dfa-5a74d4b87fe3/resourceGroups/tarefaresources/providers/Microsoft.Network/virtualNetworks/tarefanetwork/subnets/tarefasbunet"
              }
            ],
            "location": "eastus",
            "mac_address": "",
            "name": "tarefanetwork",
            "private_ip_address": "10.0.2.4",
            "private_ip_addresses": [
              "10.0.2.4"
            ],
            "resource_group_name": "tarefaresources",
            "tags": null,
            "timeouts": null,
            "virtual_machine_id": ""
          },
          "sensitive_attributes": [],
          "private": "eyJlMmJmYjczMC1lY2FhLTExZTYtOGY4OC0zNDM2M2JjN2M0YzAiOnsiY3JlYXRlIjoxODAwMDAwMDAwMDAwLCJkZWxldGUiOjE4MDAwMDAwMDAwMDAsInJlYWQiOjMwMDAwMDAwMDAwMCwidXBkYXRlIjoxODAwMDAwMDAwMDAwfX0=",
          "dependencies": [
            "azurerm_public_ip.ip_tarefa",
            "azurerm_resource_group.rg_tarefa",
            "azurerm_subnet.sbunet_tarefa",
            "azurerm_virtual_network.vnet_tarefa"
          ]
        }
      ]
    },
    {
      "mode": "managed",
      "type": "azurerm_network_interface_security_group_association",
      "name": "nisgs_tarefa",
      "provider": "provider[\"registry.terraform.io/hashicorp/azurerm\"]",
      "instances": [
        {
          "schema_version": 0,
          "attributes": {
            "id": "/subscriptions/a46d3942-b57e-446d-8dfa-5a74d4b87fe3/resourceGroups/tarefaresources/providers/Microsoft.Network/networkInterfaces/tarefanetwork|/subscriptions/a46d3942-b57e-446d-8dfa-5a74d4b87fe3/resourceGroups/tarefaresources/providers/Microsoft.Network/networkSecurityGroups/tarefasecuritygroup",
            "network_interface_id": "/subscriptions/a46d3942-b57e-446d-8dfa-5a74d4b87fe3/resourceGroups/tarefaresources/providers/Microsoft.Network/networkInterfaces/tarefanetwork",
            "network_security_group_id": "/subscriptions/a46d3942-b57e-446d-8dfa-5a74d4b87fe3/resourceGroups/tarefaresources/providers/Microsoft.Network/networkSecurityGroups/tarefasecuritygroup",
            "timeouts": null
          },
          "sensitive_attributes": [],
          "private": "eyJlMmJmYjczMC1lY2FhLTExZTYtOGY4OC0zNDM2M2JjN2M0YzAiOnsiY3JlYXRlIjoxODAwMDAwMDAwMDAwLCJkZWxldGUiOjE4MDAwMDAwMDAwMDAsInJlYWQiOjMwMDAwMDAwMDAwMCwidXBkYXRlIjoxODAwMDAwMDAwMDAwfX0=",
          "dependencies": [
            "azurerm_network_interface.ni_tarefa",
            "azurerm_network_security_group.nsg_tarefa",
            "azurerm_public_ip.ip_tarefa",
            "azurerm_resource_group.rg_tarefa",
            "azurerm_subnet.sbunet_tarefa",
            "azurerm_virtual_network.vnet_tarefa"
          ]
        }
      ]
    },
    {
      "mode": "managed",
      "type": "azurerm_network_security_group",
      "name": "nsg_tarefa",
      "provider": "provider[\"registry.terraform.io/hashicorp/azurerm\"]",
      "instances": [
        {
          "schema_version": 0,
          "attributes": {
            "id": "/subscriptions/a46d3942-b57e-446d-8dfa-5a74d4b87fe3/resourceGroups/tarefaresources/providers/Microsoft.Network/networkSecurityGroups/tarefasecuritygroup",
            "location": "eastus",
            "name": "tarefasecuritygroup",
            "resource_group_name": "tarefaresources",
            "security_rule": [
              {
                "access": "Allow",
                "description": "",
                "destination_address_prefix": "*",
                "destination_address_prefixes": [],
                "destination_application_security_group_ids": [],
                "destination_port_range": "22",
                "destination_port_ranges": [],
                "direction": "Inbound",
                "name": "SSH",
                "priority": 1002,
                "protocol": "Tcp",
                "source_address_prefix": "*",
                "source_address_prefixes": [],
                "source_application_security_group_ids": [],
                "source_port_range": "*",
                "source_port_ranges": []
              },
              {
                "access": "Allow",
                "description": "",
                "destination_address_prefix": "*",
                "destination_address_prefixes": [],
                "destination_application_security_group_ids": [],
                "destination_port_range": "3306",
                "destination_port_ranges": [],
                "direction": "Inbound",
                "name": "mysql",
                "priority": 1001,
                "protocol": "Tcp",
                "source_address_prefix": "*",
                "source_address_prefixes": [],
                "source_application_security_group_ids": [],
                "source_port_range": "*",
                "source_port_ranges": []
              }
            ],
            "tags": null,
            "timeouts": null
          },
          "sensitive_attributes": [],
          "private": "eyJlMmJmYjczMC1lY2FhLTExZTYtOGY4OC0zNDM2M2JjN2M0YzAiOnsiY3JlYXRlIjoxODAwMDAwMDAwMDAwLCJkZWxldGUiOjE4MDAwMDAwMDAwMDAsInJlYWQiOjMwMDAwMDAwMDAwMCwidXBkYXRlIjoxODAwMDAwMDAwMDAwfX0=",
          "dependencies": [
            "azurerm_resource_group.rg_tarefa"
          ]
        }
      ]
    },
    {
      "mode": "managed",
      "type": "azurerm_public_ip",
      "name": "ip_tarefa",
      "provider": "provider[\"registry.terraform.io/hashicorp/azurerm\"]",
      "instances": [
        {
          "schema_version": 0,
          "attributes": {
            "allocation_method": "Static",
            "domain_name_label": null,
            "fqdn": null,
            "id": "/subscriptions/a46d3942-b57e-446d-8dfa-5a74d4b87fe3/resourceGroups/tarefaresources/providers/Microsoft.Network/publicIPAddresses/tarefapublicip",
            "idle_timeout_in_minutes": 4,
            "ip_address": "137.117.40.46",
            "ip_tags": null,
            "ip_version": "IPv4",
            "location": "eastus",
            "name": "tarefapublicip",
            "public_ip_prefix_id": null,
            "resource_group_name": "tarefaresources",
            "reverse_fqdn": null,
            "sku": "Basic",
            "tags": null,
            "timeouts": null,
            "zones": null
          },
          "sensitive_attributes": [],
          "private": "eyJlMmJmYjczMC1lY2FhLTExZTYtOGY4OC0zNDM2M2JjN2M0YzAiOnsiY3JlYXRlIjoxODAwMDAwMDAwMDAwLCJkZWxldGUiOjE4MDAwMDAwMDAwMDAsInJlYWQiOjMwMDAwMDAwMDAwMCwidXBkYXRlIjoxODAwMDAwMDAwMDAwfX0=",
          "dependencies": [
            "azurerm_resource_group.rg_tarefa"
          ]
        }
      ]
    },
    {
      "mode": "managed",
      "type": "azurerm_resource_group",
      "name": "rg_tarefa",
      "provider": "provider[\"registry.terraform.io/hashicorp/azurerm\"]",
      "instances": [
        {
          "schema_version": 0,
          "attributes": {
            "id": "/subscriptions/a46d3942-b57e-446d-8dfa-5a74d4b87fe3/resourceGroups/tarefaresources",
            "location": "eastus",
            "name": "tarefaresources",
            "tags": {
              "Environment": "atividade 2"
            },
            "timeouts": null
          },
          "sensitive_attributes": [],
          "private": "eyJlMmJmYjczMC1lY2FhLTExZTYtOGY4OC0zNDM2M2JjN2M0YzAiOnsiY3JlYXRlIjo1NDAwMDAwMDAwMDAwLCJkZWxldGUiOjU0MDAwMDAwMDAwMDAsInJlYWQiOjMwMDAwMDAwMDAwMCwidXBkYXRlIjo1NDAwMDAwMDAwMDAwfX0="
        }
      ]
    },
    {
      "mode": "managed",
      "type": "azurerm_storage_account",
      "name": "samsql",
      "provider": "provider[\"registry.terraform.io/hashicorp/azurerm\"]",
      "instances": [
        {
          "schema_version": 2,
          "attributes": {
            "access_tier": "Hot",
            "account_kind": "StorageV2",
            "account_replication_type": "LRS",
            "account_tier": "Standard",
            "allow_blob_public_access": false,
            "blob_properties": [
              {
                "container_delete_retention_policy": [],
                "cors_rule": [],
                "default_service_version": "",
                "delete_retention_policy": [],
                "last_access_time_enabled": false,
                "versioning_enabled": false
              }
            ],
            "custom_domain": [],
            "enable_https_traffic_only": true,
            "id": "/subscriptions/a46d3942-b57e-446d-8dfa-5a74d4b87fe3/resourceGroups/tarefaresources/providers/Microsoft.Storage/storageAccounts/samsql",
            "identity": [],
            "is_hns_enabled": false,
            "large_file_share_enabled": null,
            "location": "eastus",
            "min_tls_version": "TLS1_0",
            "name": "samsql",
            "network_rules": [
              {
                "bypass": [
                  "AzureServices"
                ],
                "default_action": "Allow",
                "ip_rules": [],
                "virtual_network_subnet_ids": []
              }
            ],
            "nfsv3_enabled": false,
            "primary_access_key": "bLbKTHaX7gMT8vZ4EgWSS6fu+lgDjYR/B69l7DGGYiWHQCRF7MhOkz6TfZMrNOeOHWRkebQAASmfysj9XPLC7w==",
            "primary_blob_connection_string": "DefaultEndpointsProtocol=https;BlobEndpoint=https://samsql.blob.core.windows.net/;AccountName=samsql;AccountKey=bLbKTHaX7gMT8vZ4EgWSS6fu+lgDjYR/B69l7DGGYiWHQCRF7MhOkz6TfZMrNOeOHWRkebQAASmfysj9XPLC7w==",
            "primary_blob_endpoint": "https://samsql.blob.core.windows.net/",
            "primary_blob_host": "samsql.blob.core.windows.net",
            "primary_connection_string": "DefaultEndpointsProtocol=https;AccountName=samsql;AccountKey=bLbKTHaX7gMT8vZ4EgWSS6fu+lgDjYR/B69l7DGGYiWHQCRF7MhOkz6TfZMrNOeOHWRkebQAASmfysj9XPLC7w==;EndpointSuffix=core.windows.net",
            "primary_dfs_endpoint": "https://samsql.dfs.core.windows.net/",
            "primary_dfs_host": "samsql.dfs.core.windows.net",
            "primary_file_endpoint": "https://samsql.file.core.windows.net/",
            "primary_file_host": "samsql.file.core.windows.net",
            "primary_location": "eastus",
            "primary_queue_endpoint": "https://samsql.queue.core.windows.net/",
            "primary_queue_host": "samsql.queue.core.windows.net",
            "primary_table_endpoint": "https://samsql.table.core.windows.net/",
            "primary_table_host": "samsql.table.core.windows.net",
            "primary_web_endpoint": "https://samsql.z13.web.core.windows.net/",
            "primary_web_host": "samsql.z13.web.core.windows.net",
            "queue_properties": [
              {
                "cors_rule": [],
                "hour_metrics": [
                  {
                    "enabled": true,
                    "include_apis": true,
                    "retention_policy_days": 7,
                    "version": "1.0"
                  }
                ],
                "logging": [
                  {
                    "delete": false,
                    "read": false,
                    "retention_policy_days": 0,
                    "version": "1.0",
                    "write": false
                  }
                ],
                "minute_metrics": [
                  {
                    "enabled": false,
                    "include_apis": false,
                    "retention_policy_days": 0,
                    "version": "1.0"
                  }
                ]
              }
            ],
            "resource_group_name": "tarefaresources",
            "secondary_access_key": "F53ftqBcKpdriBvR3oUKiGx+VMapPe2mlwBM716MrdMv+JBGrsPQc39Xc7XButoLMoB/UU93eQSBK5J6uR2jqA==",
            "secondary_blob_connection_string": "",
            "secondary_blob_endpoint": null,
            "secondary_blob_host": null,
            "secondary_connection_string": "DefaultEndpointsProtocol=https;AccountName=samsql;AccountKey=F53ftqBcKpdriBvR3oUKiGx+VMapPe2mlwBM716MrdMv+JBGrsPQc39Xc7XButoLMoB/UU93eQSBK5J6uR2jqA==;EndpointSuffix=core.windows.net",
            "secondary_dfs_endpoint": null,
            "secondary_dfs_host": null,
            "secondary_file_endpoint": null,
            "secondary_file_host": null,
            "secondary_location": "",
            "secondary_queue_endpoint": null,
            "secondary_queue_host": null,
            "secondary_table_endpoint": null,
            "secondary_table_host": null,
            "secondary_web_endpoint": null,
            "secondary_web_host": null,
            "static_website": [],
            "tags": null,
            "timeouts": null
          },
          "sensitive_attributes": [],
          "private": "eyJlMmJmYjczMC1lY2FhLTExZTYtOGY4OC0zNDM2M2JjN2M0YzAiOnsiY3JlYXRlIjozNjAwMDAwMDAwMDAwLCJkZWxldGUiOjM2MDAwMDAwMDAwMDAsInJlYWQiOjMwMDAwMDAwMDAwMCwidXBkYXRlIjozNjAwMDAwMDAwMDAwfSwic2NoZW1hX3ZlcnNpb24iOiIyIn0=",
          "dependencies": [
            "azurerm_resource_group.rg_tarefa"
          ]
        }
      ]
    },
    {
      "mode": "managed",
      "type": "azurerm_subnet",
      "name": "sbunet_tarefa",
      "provider": "provider[\"registry.terraform.io/hashicorp/azurerm\"]",
      "instances": [
        {
          "schema_version": 0,
          "attributes": {
            "address_prefix": "10.0.2.0/24",
            "address_prefixes": [
              "10.0.2.0/24"
            ],
            "delegation": [],
            "enforce_private_link_endpoint_network_policies": false,
            "enforce_private_link_service_network_policies": false,
            "id": "/subscriptions/a46d3942-b57e-446d-8dfa-5a74d4b87fe3/resourceGroups/tarefaresources/providers/Microsoft.Network/virtualNetworks/tarefanetwork/subnets/tarefasbunet",
            "name": "tarefasbunet",
            "resource_group_name": "tarefaresources",
            "service_endpoint_policy_ids": null,
            "service_endpoints": null,
            "timeouts": null,
            "virtual_network_name": "tarefanetwork"
          },
          "sensitive_attributes": [],
          "private": "eyJlMmJmYjczMC1lY2FhLTExZTYtOGY4OC0zNDM2M2JjN2M0YzAiOnsiY3JlYXRlIjoxODAwMDAwMDAwMDAwLCJkZWxldGUiOjE4MDAwMDAwMDAwMDAsInJlYWQiOjMwMDAwMDAwMDAwMCwidXBkYXRlIjoxODAwMDAwMDAwMDAwfX0=",
          "dependencies": [
            "azurerm_resource_group.rg_tarefa",
            "azurerm_virtual_network.vnet_tarefa"
          ]
        }
      ]
    },
    {
      "mode": "managed",
      "type": "azurerm_virtual_network",
      "name": "vnet_tarefa",
      "provider": "provider[\"registry.terraform.io/hashicorp/azurerm\"]",
      "instances": [
        {
          "schema_version": 0,
          "attributes": {
            "address_space": [
              "10.0.0.0/16"
            ],
            "bgp_community": "",
            "ddos_protection_plan": [],
            "dns_servers": null,
            "guid": "4d456356-836d-47eb-a0e0-66e790db4921",
            "id": "/subscriptions/a46d3942-b57e-446d-8dfa-5a74d4b87fe3/resourceGroups/tarefaresources/providers/Microsoft.Network/virtualNetworks/tarefanetwork",
            "location": "eastus",
            "name": "tarefanetwork",
            "resource_group_name": "tarefaresources",
            "subnet": [],
            "tags": null,
            "timeouts": null,
            "vm_protection_enabled": false
          },
          "sensitive_attributes": [],
          "private": "eyJlMmJmYjczMC1lY2FhLTExZTYtOGY4OC0zNDM2M2JjN2M0YzAiOnsiY3JlYXRlIjoxODAwMDAwMDAwMDAwLCJkZWxldGUiOjE4MDAwMDAwMDAwMDAsInJlYWQiOjMwMDAwMDAwMDAwMCwidXBkYXRlIjoxODAwMDAwMDAwMDAwfX0=",
          "dependencies": [
            "azurerm_resource_group.rg_tarefa"
          ]
        }
      ]
    },
    {
      "mode": "managed",
      "type": "null_resource",
      "name": "deploy_db",
      "provider": "provider[\"registry.terraform.io/hashicorp/null\"]",
      "instances": []
    },
    {
      "mode": "managed",
      "type": "null_resource",
      "name": "upload_db",
      "provider": "provider[\"registry.terraform.io/hashicorp/null\"]",
      "instances": [
        {
          "schema_version": 0,
          "attributes": {
            "id": "6658856933930331757",
            "triggers": null
          },
          "sensitive_attributes": [],
          "private": "bnVsbA==",
          "dependencies": [
            "azurerm_linux_virtual_machine.vm_tarefa",
            "azurerm_network_interface.ni_tarefa",
            "azurerm_public_ip.ip_tarefa",
            "azurerm_resource_group.rg_tarefa",
            "azurerm_storage_account.samsql",
            "azurerm_subnet.sbunet_tarefa",
            "azurerm_virtual_network.vnet_tarefa",
            "data.azurerm_public_ip.ip_data_db",
            "time_sleep.wait_30_seconds_db"
          ]
        }
      ]
    },
    {
      "mode": "managed",
      "type": "time_sleep",
      "name": "wait_30_seconds_db",
      "provider": "provider[\"registry.terraform.io/hashicorp/time\"]",
      "instances": [
        {
          "schema_version": 0,
          "attributes": {
            "create_duration": "30s",
            "destroy_duration": null,
            "id": "2021-05-08T20:01:44Z",
            "triggers": null
          },
          "sensitive_attributes": [],
          "private": "bnVsbA==",
          "dependencies": [
            "azurerm_linux_virtual_machine.vm_tarefa",
            "azurerm_network_interface.ni_tarefa",
            "azurerm_public_ip.ip_tarefa",
            "azurerm_resource_group.rg_tarefa",
            "azurerm_storage_account.samsql",
            "azurerm_subnet.sbunet_tarefa",
            "azurerm_virtual_network.vnet_tarefa"
          ]
        }
      ]
    }
  ]
}
